
Microsoft Visual Studio Solution File, Format Version 12.00
# Visual Studio 15
VisualStudioVersion = 15.0.26730.16
MinimumVisualStudioVersion = 10.0.40219.1
Project("{FAE04EC0-301F-11D3-BF4B-00C04F79EFBC}") = "Calificaciones 3.0", "Calificaciones 3.0\Calificaciones 3.0.csproj", "{445689AB-9A95-4E47-A7AC-6DFA9048A254}"
EndProject
Global
	GlobalSection(SolutionConfigurationPlatforms) = preSolution
		Debug|Any CPU = Debug|Any CPU
		Release|Any CPU = Release|Any CPU
	EndGlobalSection
	GlobalSection(ProjectConfigurationPlatforms) = postSolution
		{445689AB-9A95-4E47-A7AC-6DFA9048A254}.Debug|Any CPU.ActiveCfg = Debug|Any CPU
		{445689AB-9A95-4E47-A7AC-6DFA9048A254}.Debug|Any CPU.Build.0 = Debug|Any CPU
		{445689AB-9A95-4E47-A7AC-6DFA9048A254}.Release|Any CPU.ActiveCfg = Release|Any CPU
		{445689AB-9A95-4E47-A7AC-6DFA9048A254}.Release|Any CPU.Build.0 = Release|Any CPU
	EndGlobalSection
	GlobalSection(SolutionProperties) = preSolution
		HideSolutionNode = FALSE
	EndGlobalSection
	GlobalSection(ExtensibilityGlobals) = postSolution
		SolutionGuid = {8DAE9FC8-6B55-4444-9012-43D51E328095}
	EndGlobalSection
EndGlobal
